
Microsoft Visual Studio Solution File, Format Version 12.00
# Visual Studio 2012
Project("{FAE04EC0-301F-11D3-BF4B-00C04F79EFBC}") = "CommandLine", "CommandLine\CommandLine.csproj", "{73F4EC5A-5945-4BAB-8C9A-7A4ED752819F}"
EndProject
Global
	GlobalSection(SolutionConfigurationPlatforms) = preSolution
		Debug|Any CPU = Debug|Any CPU
		Release|Any CPU = Release|Any CPU
	EndGlobalSection
	GlobalSection(ProjectConfigurationPlatforms) = postSolution
		{73F4EC5A-5945-4BAB-8C9A-7A4ED752819F}.Debug|Any CPU.ActiveCfg = Debug|Any CPU
		{73F4EC5A-5945-4BAB-8C9A-7A4ED752819F}.Debug|Any CPU.Build.0 = Debug|Any CPU
		{73F4EC5A-5945-4BAB-8C9A-7A4ED752819F}.Release|Any CPU.ActiveCfg = Release|Any CPU
		{73F4EC5A-5945-4BAB-8C9A-7A4ED752819F}.Release|Any CPU.Build.0 = Release|Any CPU
	EndGlobalSection
	GlobalSection(SolutionProperties) = preSolution
		HideSolutionNode = FALSE
	EndGlobalSection
EndGlobal
